// !$*UTF8*$!
{
	archiveVersion = 1;
	classes = {
	};
	objectVersion = 46;
	objects = {

/* Begin PBXBuildFile section */
		76EC777F1D8F6F0400EA09D4 /* AppDelegate.swift in Sources */ = {isa = PBXBuildFile; fileRef = 76EC777E1D8F6F0400EA09D4 /* AppDelegate.swift */; };
		76EC77811D8F6F0400EA09D4 /* ViewController.swift in Sources */ = {isa = PBXBuildFile; fileRef = 76EC77801D8F6F0400EA09D4 /* ViewController.swift */; };
		76EC77841D8F6F0400EA09D4 /* Main.storyboard in Resources */ = {isa = PBXBuildFile; fileRef = 76EC77821D8F6F0400EA09D4 /* Main.storyboard */; };
		76EC77861D8F6F0400EA09D4 /* Assets.xcassets in Resources */ = {isa = PBXBuildFile; fileRef = 76EC77851D8F6F0400EA09D4 /* Assets.xcassets */; };
		76EC77891D8F6F0400EA09D4 /* LaunchScreen.storyboard in Resources */ = {isa = PBXBuildFile; fileRef = 76EC77871D8F6F0400EA09D4 /* LaunchScreen.storyboard */; };
/* End PBXBuildFile section */

/* Begin PBXFileReference section */
		76EC777B1D8F6F0400EA09D4 /* miracle2pills.app */ = {isa = PBXFileReference; explicitFileType = wrapper.application; includeInIndex = 0; path = miracle2pills.app; sourceTree = BUILT_PRODUCTS_DIR; };
		76EC777E1D8F6F0400EA09D4 /* AppDelegate.swift */ = {isa = PBXFileReference; lastKnownFileType = sourcecode.swift; path = AppDelegate.swift; sourceTree = "<group>"; };
		76EC77801D8F6F0400EA09D4 /* ViewController.swift */ = {isa = PBXFileReference; lastKnownFileType = sourcecode.swift; path = ViewController.swift; sourceTree = "<group>"; };
		76EC77831D8F6F0400EA09D4 /* Base */ = {isa = PBXFileReference; lastKnownFileType = file.storyboard; name = Base; path = Base.lproj/Main.storyboard; sourceTree = "<group>"; };
		76EC77851D8F6F0400EA09D4 /* Assets.xcassets */ = {isa = PBXFileReference; lastKnownFileType = folder.assetcatalog; path = Assets.xcassets; sourceTree = "<group>"; };
		76EC77881D8F6F0400EA09D4 /* Base */ = {isa = PBXFileReference; lastKnownFileType = file.storyboard; name = Base; path = Base.lproj/LaunchScreen.storyboard; sourceTree = "<group>"; };
		76EC778A1D8F6F0400EA09D4 /* Info.plist */ = {isa = PBXFileReference; lastKnownFileType = text.plist.xml; path = Info.plist; sourceTree = "<group>"; };
/* End PBXFileReference section */

/* Begin PBXFrameworksBuildPhase section */
		76EC77781D8F6F0300EA09D4 /* Frameworks */ = {
			isa = PBXFrameworksBuildPhase;
			buildActionMask = 2147483647;
			files = (
			);
			runOnlyForDeploymentPostprocessing = 0;
		};
/* End PBXFrameworksBuildPhase section */

/* Begin PBXGroup section */
		76EC77721D8F6F0300EA09D4 = {
			isa = PBXGroup;
			children = (
				76EC777D1D8F6F0400EA09D4 /* miracle2pills */,
				76EC777C1D8F6F0400EA09D4 /* Products */,
			);
			sourceTree = "<group>";
		};
		76EC777C1D8F6F0400EA09D4 /* Products */ = {
			isa = PBXGroup;
			children = (
				76EC777B1D8F6F0400EA09D4 /* miracle2pills.app */,
			);
			name = Products;
			sourceTree = "<group>";
		};
		76EC777D1D8F6F0400EA09D4 /* miracle2pills */ = {
			isa = PBXGroup;
			children = (
				76EC777E1D8F6F0400EA09D4 /* AppDelegate.swift */,
				76EC77801D8F6F0400EA09D4 /* ViewController.swift */,
				76EC77821D8F6F0400EA09D4 /* Main.storyboard */,
				76EC77851D8F6F0400EA09D4 /* Assets.xcassets */,
				76EC77871D8F6F0400EA09D4 /* LaunchScreen.storyboard */,
				76EC778A1D8F6F0400EA09D4 /* Info.plist */,
			);
			path = miracle2pills;
			sourceTree = "<group>";
		};
/* End PBXGroup section */

/* Begin PBXNativeTarget section */
		76EC777A1D8F6F0300EA09D4 /* miracle2pills */ = {
			isa = PBXNativeTarget;
			buildConfigurationList = 76EC778D1D8F6F0500EA09D4 /* Build configuration list for PBXNativeTarget "miracle2pills" */;
			buildPhases = (
				76EC77771D8F6F0300EA09D4 /* Sources */,
				76EC77781D8F6F0300EA09D4 /* Frameworks */,
				76EC77791D8F6F0300EA09D4 /* Resources */,
			);
			buildRules = (
			);
			dependencies = (
			);
			name = miracle2pills;
			productName = miracle2pills;
			productReference = 76EC777B1D8F6F0400EA09D4 /* miracle2pills.app */;
			productType = "com.apple.product-type.application";
		};
/* End PBXNativeTarget section */

/* Begin PBXProject section */
		76EC77731D8F6F0300EA09D4 /* Project object */ = {
			isa = PBXProject;
			attributes = {
				LastSwiftUpdateCheck = 0800;
				LastUpgradeCheck = 0800;
				ORGANIZATIONNAME = "antonio orlando";
				TargetAttributes = {
					76EC777A1D8F6F0300EA09D4 = {
						CreatedOnToolsVersion = 8.0;
						DevelopmentTeam = 773W95928N;
						DevelopmentTeamName = "antonio orlando (Personal Team)";
						ProvisioningStyle = Automatic;
					};
				};
			};
			buildConfigurationList = 76EC77761D8F6F0300EA09D4 /* Build configuration list for PBXProject "miracle2pills" */;
			compatibilityVersion = "Xcode 3.2";
			developmentRegion = English;
			hasScannedForEncodings = 0;
			knownRegions = (
				en,
				Base,
			);
			mainGroup = 76EC77721D8F6F0300EA09D4;
			productRefGroup = 76EC777C1D8F6F0400EA09D4 /* Products */;
			projectDirPath = "";
			projectRoot = "";
			targets = (
				76EC777A1D8F6F0300EA09D4 /* miracle2pills */,
			);
		};
/* End PBXProject section */

/* Begin PBXResourcesBuildPhase section */
		76EC77791D8F6F0300EA09D4 /* Resources */ = {
			isa = PBXResourcesBuildPhase;
			buildActionMask = 2147483647;
			files = (
				76EC77891D8F6F0400EA09D4 /* LaunchScreen.storyboard in Resources */,
				76EC77861D8F6F0400EA09D4 /* Assets.xcassets in Resources */,
				76EC77841D8F6F0400EA09D4 /* Main.storyboard in Resources */,
			);
			runOnlyForDeploymentPostprocessing = 0;
		};
/* End PBXResourcesBuildPhase section */

/* Begin PBXSourcesBuildPhase section */
		76EC77771D8F6F0300EA09D4 /* Sources */ = {
			isa = PBXSourcesBuildPhase;
			buildActionMask = 2147483647;
			files = (
				76EC77811D8F6F0400EA09D4 /* ViewController.swift in Sources */,
				76EC777F1D8F6F0400EA09D4 /* AppDelegate.swift in Sources */,
			);
			runOnlyForDeploymentPostprocessing = 0;
		};
/* End PBXSourcesBuildPhase section */

/* Begin PBXVariantGroup section */
		76EC77821D8F6F0400EA09D4 /* Main.storyboard */ = {
			isa = PBXVariantGroup;
			children = (
				76EC77831D8F6F0400EA09D4 /* Base */,
			);
			name = Main.storyboard;
			sourceTree = "<group>";
		};
		76EC77871D8F6F0400EA09D4 /* LaunchScreen.storyboard */ = {
			isa = PBXVariantGroup;
			children = (
				76EC77881D8F6F0400EA09D4 /* Base */,
			);
			name = LaunchScreen.storyboard;
			sourceTree = "<group>";
		};
/* End PBXVariantGroup section */

/* Begin XCBuildConfiguration section */
		76EC778B1D8F6F0400EA09D4 /* Debug */ = {
			isa = XCBuildConfiguration;
			buildSettings = {
				ALWAYS_SEARCH_USER_PATHS = NO;
				CLANG_ANALYZER_NONNULL = YES;
				CLANG_CXX_LANGUAGE_STANDARD = "gnu++0x";
				CLANG_CXX_LIBRARY = "libc++";
				CLANG_ENABLE_MODULES = YES;
				CLANG_ENABLE_OBJC_ARC = YES;
				CLANG_WARN_BOOL_CONVERSION = YES;
				CLANG_WARN_CONSTANT_CONVERSION = YES;
				CLANG_WARN_DIRECT_OBJC_ISA_USAGE = YES_ERROR;
				CLANG_WARN_DOCUMENTATION_COMMENTS = YES;
				CLANG_WARN_EMPTY_BODY = YES;
				CLANG_WARN_ENUM_CONVERSION = YES;
				CLANG_WARN_INT_CONVERSION = YES;
				CLANG_WARN_OBJC_ROOT_CLASS = YES_ERROR;
				CLANG_WARN_UNREACHABLE_CODE = YES;
				CLANG_WARN__DUPLICATE_METHOD_MATCH = YES;
				"CODE_SIGN_IDENTITY[sdk=iphoneos*]" = "iPhone Developer";
				COPY_PHASE_STRIP = NO;
				DEBUG_INFORMATION_FORMAT = dwarf;
				ENABLE_STRICT_OBJC_MSGSEND = YES;
				ENABLE_TESTABILITY = YES;
				GCC_C_LANGUAGE_STANDARD = gnu99;
				GCC_DYNAMIC_NO_PIC = NO;
				GCC_NO_COMMON_BLOCKS = YES;
				GCC_OPTIMIZATION_LEVEL = 0;
				GCC_PREPROCESSOR_DEFINITIONS = (
					"DEBUG=1",
					"$(inherited)",
				);
				GCC_WARN_64_TO_32_BIT_CONVERSION = YES;
				GCC_WARN_ABOUT_RETURN_TYPE = YES_ERROR;
				GCC_WARN_UNDECLARED_SELECTOR = YES;
				GCC_WARN_UNINITIALIZED_AUTOS = YES_AGGRESSIVE;
				GCC_WARN_UNUSED_FUNCTION = YES;
				GCC_WARN_UNUSED_VARIABLE = YES;
				IPHONEOS_DEPLOYMENT_TARGET = 10.0;
				MTL_ENABLE_DEBUG_INFO = YES;
				ONLY_ACTIVE_ARCH = YES;
				SDKROOT = iphoneos;
				SWIFT_ACTIVE_COMPILATION_CONDITIONS = DEBUG;
				SWIFT_OPTIMIZATION_LEVEL = "-Onone";
			};
			name = Debug;
		};
		76EC778C1D8F6F0500EA09D4 /* Release */ = {
			isa = XCBuildConfiguration;
			buildSettings = {
				ALWAYS_SEARCH_USER_PATHS = NO;
				CLANG_ANALYZER_NONNULL = YES;
				CLANG_CXX_LANGUAGE_STANDARD = "gnu++0x";
				CLANG_CXX_LIBRARY = "libc++";
				CLANG_ENABLE_MODULES = YES;
				CLANG_ENABLE_OBJC_ARC = YES;
				CLANG_WARN_BOOL_CONVERSION = YES;
				CLANG_WARN_CONSTANT_CONVERSION = YES;
				CLANG_WARN_DIRECT_OBJC_ISA_USAGE = YES_ERROR;
				CLANG_WARN_DOCUMENTATION_COMMENTS = YES;
				CLANG_WARN_EMPTY_BODY = YES;
				CLANG_WARN_ENUM_CONVERSION = YES;
				CLANG_WARN_INT_CONVERSION = YES;
				CLANG_WARN_OBJC_ROOT_CLASS = YES_ERROR;
				CLANG_WARN_UNREACHABLE_CODE = YES;
				CLANG_WARN__DUPLICATE_METHOD_MATCH = YES;
				"CODE_SIGN_IDENTITY[sdk=iphoneos*]" = "iPhone Developer";
				COPY_PHASE_STRIP = NO;
				DEBUG_INFORMATION_FORMAT = "dwarf-with-dsym";
				ENABLE_NS_ASSERTIONS = NO;
				ENABLE_STRICT_OBJC_MSGSEND = YES;
				GCC_C_LANGUAGE_STANDARD = gnu99;
				GCC_NO_COMMON_BLOCKS = YES;
				GCC_WARN_64_TO_32_BIT_CONVERSION = YES;
				GCC_WARN_ABOUT_RETURN_TYPE = YES_ERROR;
				GCC_WARN_UNDECLARED_SELECTOR = YES;
				GCC_WARN_UNINITIALIZED_AUTOS = YES_AGGRESSIVE;
				GCC_WARN_UNUSED_FUNCTION = YES;
				GCC_WARN_UNUSED_VARIABLE = YES;
				IPHONEOS_DEPLOYMENT_TARGET = 10.0;
				MTL_ENABLE_DEBUG_INFO = NO;
				SDKROOT = iphoneos;
				SWIFT_OPTIMIZATION_LEVEL = "-Owholemodule";
				VALIDATE_PRODUCT = YES;
			};
			name = Release;
		};
		76EC778E1D8F6F0500EA09D4 /* Debug */ = {
			isa = XCBuildConfiguration;
			buildSettings = {
				ASSETCATALOG_COMPILER_APPICON_NAME = AppIcon;
				INFOPLIST_FILE = miracle2pills/Info.plist;
				LD_RUNPATH_SEARCH_PATHS = "$(inherited) @executable_path/Frameworks";
				PRODUCT_BUNDLE_IDENTIFIER = wolpacka.miracle2pills;
				PRODUCT_NAME = "$(TARGET_NAME)";
				SWIFT_VERSION = 3.0;
			};
			name = Debug;
		};
		76EC778F1D8F6F0500EA09D4 /* Release */ = {
			isa = XCBuildConfiguration;
			buildSettings = {
				ASSETCATALOG_COMPILER_APPICON_NAME = AppIcon;
				INFOPLIST_FILE = miracle2pills/Info.plist;
				LD_RUNPATH_SEARCH_PATHS = "$(inherited) @executable_path/Frameworks";
				PRODUCT_BUNDLE_IDENTIFIER = wolpacka.miracle2pills;
				PRODUCT_NAME = "$(TARGET_NAME)";
				SWIFT_VERSION = 3.0;
			};
			name = Release;
		};
/* End XCBuildConfiguration section */

/* Begin XCConfigurationList section */
		76EC77761D8F6F0300EA09D4 /* Build configuration list for PBXProject "miracle2pills" */ = {
			isa = XCConfigurationList;
			buildConfigurations = (
				76EC778B1D8F6F0400EA09D4 /* Debug */,
				76EC778C1D8F6F0500EA09D4 /* Release */,
			);
			defaultConfigurationIsVisible = 0;
			defaultConfigurationName = Release;
		};
		76EC778D1D8F6F0500EA09D4 /* Build configuration list for PBXNativeTarget "miracle2pills" */ = {
			isa = XCConfigurationList;
			buildConfigurations = (
				76EC778E1D8F6F0500EA09D4 /* Debug */,
				76EC778F1D8F6F0500EA09D4 /* Release */,
			);
			defaultConfigurationIsVisible = 0;
		};
/* End XCConfigurationList section */
	};
	rootObject = 76EC77731D8F6F0300EA09D4 /* Project object */;
}
